
Microsoft Visual Studio Solution File, Format Version 12.00
# Visual Studio Version 17
VisualStudioVersion = 17.0.31903.59
MinimumVisualStudioVersion = 10.0.40219.1
Project("{2150E333-8FDC-42A3-9474-1A3956D46DE8}") = "src", "src", "{827E0CD3-B72D-47B6-A68D-7590B98EB39B}"
EndProject
Project("{FAE04EC0-301F-11D3-BF4B-00C04F79EFBC}") = "InteractiveUI.Sample.Options", "src\InteractiveUI.Sample.Options\InteractiveUI.Sample.Options.csproj", "{11D19159-CAD8-4F71-8B56-89F8764DB982}"
EndProject
Project("{FAE04EC0-301F-11D3-BF4B-00C04F79EFBC}") = "InteractiveUI.Sample.Commands", "src\InteractiveUI.Sample.Commands\InteractiveUI.Sample.Commands.csproj", "{F83A24F7-0A50-4743-BCBE-7E8D30BEB485}"
EndProject
Project("{FAE04EC0-301F-11D3-BF4B-00C04F79EFBC}") = "InteractiveUI.Sample.Demo", "src\InteractiveUI.Sample.Demo\InteractiveUI.Sample.Demo.csproj", "{D1FDA0A1-C236-4F40-98D5-E1CC987CBCEF}"
EndProject
Global
	GlobalSection(SolutionConfigurationPlatforms) = preSolution
		Debug|Any CPU = Debug|Any CPU
		Debug|x64 = Debug|x64
		Debug|x86 = Debug|x86
		Release|Any CPU = Release|Any CPU
		Release|x64 = Release|x64
		Release|x86 = Release|x86
	EndGlobalSection
	GlobalSection(ProjectConfigurationPlatforms) = postSolution
		{11D19159-CAD8-4F71-8B56-89F8764DB982}.Debug|Any CPU.ActiveCfg = Debug|Any CPU
		{11D19159-CAD8-4F71-8B56-89F8764DB982}.Debug|Any CPU.Build.0 = Debug|Any CPU
		{11D19159-CAD8-4F71-8B56-89F8764DB982}.Debug|x64.ActiveCfg = Debug|Any CPU
		{11D19159-CAD8-4F71-8B56-89F8764DB982}.Debug|x64.Build.0 = Debug|Any CPU
		{11D19159-CAD8-4F71-8B56-89F8764DB982}.Debug|x86.ActiveCfg = Debug|Any CPU
		{11D19159-CAD8-4F71-8B56-89F8764DB982}.Debug|x86.Build.0 = Debug|Any CPU
		{11D19159-CAD8-4F71-8B56-89F8764DB982}.Release|Any CPU.ActiveCfg = Release|Any CPU
		{11D19159-CAD8-4F71-8B56-89F8764DB982}.Release|Any CPU.Build.0 = Release|Any CPU
		{11D19159-CAD8-4F71-8B56-89F8764DB982}.Release|x64.ActiveCfg = Release|Any CPU
		{11D19159-CAD8-4F71-8B56-89F8764DB982}.Release|x64.Build.0 = Release|Any CPU
		{11D19159-CAD8-4F71-8B56-89F8764DB982}.Release|x86.ActiveCfg = Release|Any CPU
		{11D19159-CAD8-4F71-8B56-89F8764DB982}.Release|x86.Build.0 = Release|Any CPU
		{F83A24F7-0A50-4743-BCBE-7E8D30BEB485}.Debug|Any CPU.ActiveCfg = Debug|Any CPU
		{F83A24F7-0A50-4743-BCBE-7E8D30BEB485}.Debug|Any CPU.Build.0 = Debug|Any CPU
		{F83A24F7-0A50-4743-BCBE-7E8D30BEB485}.Debug|x64.ActiveCfg = Debug|Any CPU
		{F83A24F7-0A50-4743-BCBE-7E8D30BEB485}.Debug|x64.Build.0 = Debug|Any CPU
		{F83A24F7-0A50-4743-BCBE-7E8D30BEB485}.Debug|x86.ActiveCfg = Debug|Any CPU
		{F83A24F7-0A50-4743-BCBE-7E8D30BEB485}.Debug|x86.Build.0 = Debug|Any CPU
		{F83A24F7-0A50-4743-BCBE-7E8D30BEB485}.Release|Any CPU.ActiveCfg = Release|Any CPU
		{F83A24F7-0A50-4743-BCBE-7E8D30BEB485}.Release|Any CPU.Build.0 = Release|Any CPU
		{F83A24F7-0A50-4743-BCBE-7E8D30BEB485}.Release|x64.ActiveCfg = Release|Any CPU
		{F83A24F7-0A50-4743-BCBE-7E8D30BEB485}.Release|x64.Build.0 = Release|Any CPU
		{F83A24F7-0A50-4743-BCBE-7E8D30BEB485}.Release|x86.ActiveCfg = Release|Any CPU
		{F83A24F7-0A50-4743-BCBE-7E8D30BEB485}.Release|x86.Build.0 = Release|Any CPU
		{D1FDA0A1-C236-4F40-98D5-E1CC987CBCEF}.Debug|Any CPU.ActiveCfg = Debug|Any CPU
		{D1FDA0A1-C236-4F40-98D5-E1CC987CBCEF}.Debug|Any CPU.Build.0 = Debug|Any CPU
		{D1FDA0A1-C236-4F40-98D5-E1CC987CBCEF}.Debug|x64.ActiveCfg = Debug|Any CPU
		{D1FDA0A1-C236-4F40-98D5-E1CC987CBCEF}.Debug|x64.Build.0 = Debug|Any CPU
		{D1FDA0A1-C236-4F40-98D5-E1CC987CBCEF}.Debug|x86.ActiveCfg = Debug|Any CPU
		{D1FDA0A1-C236-4F40-98D5-E1CC987CBCEF}.Debug|x86.Build.0 = Debug|Any CPU
		{D1FDA0A1-C236-4F40-98D5-E1CC987CBCEF}.Release|Any CPU.ActiveCfg = Release|Any CPU
		{D1FDA0A1-C236-4F40-98D5-E1CC987CBCEF}.Release|Any CPU.Build.0 = Release|Any CPU
		{D1FDA0A1-C236-4F40-98D5-E1CC987CBCEF}.Release|x64.ActiveCfg = Release|Any CPU
		{D1FDA0A1-C236-4F40-98D5-E1CC987CBCEF}.Release|x64.Build.0 = Release|Any CPU
		{D1FDA0A1-C236-4F40-98D5-E1CC987CBCEF}.Release|x86.ActiveCfg = Release|Any CPU
		{D1FDA0A1-C236-4F40-98D5-E1CC987CBCEF}.Release|x86.Build.0 = Release|Any CPU
	EndGlobalSection
	GlobalSection(SolutionProperties) = preSolution
		HideSolutionNode = FALSE
	EndGlobalSection
	GlobalSection(NestedProjects) = preSolution
		{11D19159-CAD8-4F71-8B56-89F8764DB982} = {827E0CD3-B72D-47B6-A68D-7590B98EB39B}
		{F83A24F7-0A50-4743-BCBE-7E8D30BEB485} = {827E0CD3-B72D-47B6-A68D-7590B98EB39B}
		{D1FDA0A1-C236-4F40-98D5-E1CC987CBCEF} = {827E0CD3-B72D-47B6-A68D-7590B98EB39B}
	EndGlobalSection
EndGlobal
